<?xml version="1.0" encoding="utf-8"?>
<Project ToolsVersion="4.0" xmlns="http://schemas.microsoft.com/developer/msbuild/2003">
  <ItemGroup>
    <Filter Include="Source Files">
      <UniqueIdentifier>{4FC737F1-C7A5-4376-A066-2A32D752A2FF}</UniqueIdentifier>
      <Extensions>cpp;c;cc;cxx;def;odl;idl;hpj;bat;asm;asmx</Extensions>
    </Filter>
    <Filter Include="Common">
      <UniqueIdentifier>{f437cee9-3c52-473c-b782-0f91b434be47}</UniqueIdentifier>
    </Filter>
    <Filter Include="Shader">
      <UniqueIdentifier>{dda48a36-058c-4bf1-8d0f-3a727f6347e7}</UniqueIdentifier>
    </Filter>
    <Filter Include="Voxlization">
      <UniqueIdentifier>{87c94ee8-c1ae-4168-81a7-8f5221f011e5}</UniqueIdentifier>
    </Filter>
    <Filter Include="Octree">
      <UniqueIdentifier>{89acc333-3e45-408c-aa2c-107e69c6e43e}</UniqueIdentifier>
    </Filter>
    <Filter Include="Util">
      <UniqueIdentifier>{b78ba1b7-f0cb-4fba-8a37-4b07109daff2}</UniqueIdentifier>
    </Filter>
  </ItemGroup>
  <ItemGroup>
    <ClCompile Include="myDirectX11.cpp">
      <Filter>Source Files</Filter>
    </ClCompile>
    <ClCompile Include="Common\d3dApp.cpp">
      <Filter>Common</Filter>
    </ClCompile>
    <ClCompile Include="Common\d3dUtil.cpp">
      <Filter>Common</Filter>
    </ClCompile>
    <ClCompile Include="Common\Voxel\Voxelizer.cpp">
      <Filter>Voxlization</Filter>
    </ClCompile>
    <ClCompile Include="Common\Voxel\VoxelVisual.cpp">
      <Filter>Voxlization</Filter>
    </ClCompile>
    <ClCompile Include="Common\octree.cpp">
      <Filter>Octree</Filter>
    </ClCompile>
    <ClCompile Include="Common\myMathLibrary.cpp">
      <Filter>Util</Filter>
    </ClCompile>
    <ClCompile Include="Common\myShapeLibrary.cpp">
      <Filter>Util</Filter>
    </ClCompile>
    <ClCompile Include="Common\OctreeNode.cpp">
      <Filter>Octree</Filter>
    </ClCompile>
    <ClCompile Include="Common\GameTimer.cpp">
      <Filter>Common</Filter>
    </ClCompile>
    <ClCompile Include="Common\dxerr.cpp">
      <Filter>Common</Filter>
    </ClCompile>
    <ClCompile Include="Common\Camera.cpp">
      <Filter>Util</Filter>
    </ClCompile>
    <ClCompile Include="Common\DDSTextureLoader.cpp">
      <Filter>Common</Filter>
    </ClCompile>
  </ItemGroup>
  <ItemGroup>
    <ClInclude Include="Common\d3dApp.h">
      <Filter>Common</Filter>
    </ClInclude>
    <ClInclude Include="Common\d3dUtil.h">
      <Filter>Common</Filter>
    </ClInclude>
    <ClInclude Include="Common\Voxel\Voxelizer.h">
      <Filter>Voxlization</Filter>
    </ClInclude>
    <ClInclude Include="Common\Voxel\VoxelVisual.h">
      <Filter>Voxlization</Filter>
    </ClInclude>
    <ClInclude Include="Common\myLightLibrary.h">
      <Filter>Util</Filter>
    </ClInclude>
    <ClInclude Include="Common\myMathLibrary.h">
      <Filter>Util</Filter>
    </ClInclude>
    <ClInclude Include="Common\myShapeLibrary.h">
      <Filter>Util</Filter>
    </ClInclude>
    <ClInclude Include="Common\octree.h">
      <Filter>Octree</Filter>
    </ClInclude>
    <ClInclude Include="Common\OctreeNode.h">
      <Filter>Octree</Filter>
    </ClInclude>
    <ClInclude Include="myDirectX11.h">
      <Filter>Source Files</Filter>
    </ClInclude>
    <ClInclude Include="Common\GameTimer.h">
      <Filter>Common</Filter>
    </ClInclude>
    <ClInclude Include="Common\dxerr.h">
      <Filter>Common</Filter>
    </ClInclude>
    <ClInclude Include="Common\Camera.h">
      <Filter>Util</Filter>
    </ClInclude>
    <ClInclude Include="Common\DDSTextureLoader.h">
      <Filter>Common</Filter>
    </ClInclude>
  </ItemGroup>
  <ItemGroup>
    <None Include="FX\demo.fx">
      <Filter>Shader</Filter>
    </None>
    <None Include="FX\voxelizer.fx">
      <Filter>Shader</Filter>
    </None>
    <None Include="FX\visualizer.fx">
      <Filter>Shader</Filter>
    </None>
    <None Include="FX\vtest.fx">
      <Filter>Shader</Filter>
    </None>
  </ItemGroup>
</Project>