<?xml version="1.0" encoding="utf-8"?>
<Project ToolsVersion="4.0" xmlns="http://schemas.microsoft.com/developer/msbuild/2003">
  <ItemGroup>
    <Filter Include="Source Files">
      <UniqueIdentifier>{4FC737F1-C7A5-4376-A066-2A32D752A2FF}</UniqueIdentifier>
      <Extensions>cpp;c;cc;cxx;def;odl;idl;hpj;bat;asm;asmx</Extensions>
    </Filter>
    <Filter Include="Shader">
      <UniqueIdentifier>{dda48a36-058c-4bf1-8d0f-3a727f6347e7}</UniqueIdentifier>
    </Filter>
    <Filter Include="Voxlization">
      <UniqueIdentifier>{87c94ee8-c1ae-4168-81a7-8f5221f011e5}</UniqueIdentifier>
    </Filter>
    <Filter Include="Octree">
      <UniqueIdentifier>{89acc333-3e45-408c-aa2c-107e69c6e43e}</UniqueIdentifier>
    </Filter>
    <Filter Include="Util">
      <UniqueIdentifier>{b78ba1b7-f0cb-4fba-8a37-4b07109daff2}</UniqueIdentifier>
    </Filter>
    <Filter Include="ConeTracing">
      <UniqueIdentifier>{941b2b9a-ce2d-4c70-8a8e-b960feb959b1}</UniqueIdentifier>
    </Filter>
    <Filter Include="3rdParty">
      <UniqueIdentifier>{d32a462b-4e2a-44a1-8e6a-e4c01202120f}</UniqueIdentifier>
    </Filter>
  </ItemGroup>
  <ItemGroup>
    <ClCompile Include="myDirectX11.cpp">
      <Filter>Source Files</Filter>
    </ClCompile>
    <ClCompile Include="src\Octree\octree.cpp">
      <Filter>Octree</Filter>
    </ClCompile>
    <ClCompile Include="src\Octree\OctreeNode.cpp">
      <Filter>Octree</Filter>
    </ClCompile>
    <ClCompile Include="src\Util\Camera.cpp">
      <Filter>Util</Filter>
    </ClCompile>
    <ClCompile Include="src\Util\myMathLibrary.cpp">
      <Filter>Util</Filter>
    </ClCompile>
    <ClCompile Include="src\Util\myShapeLibrary.cpp">
      <Filter>Util</Filter>
    </ClCompile>
    <ClCompile Include="src\Voxelization\Voxelizer.cpp">
      <Filter>Voxlization</Filter>
    </ClCompile>
    <ClCompile Include="src\Voxelization\Visualizer.cpp">
      <Filter>Voxlization</Filter>
    </ClCompile>
    <ClCompile Include="src\ConeTracing\ConeTracer.cpp">
      <Filter>ConeTracing</Filter>
    </ClCompile>
    <ClCompile Include="src\3rdParty\d3dApp.cpp">
      <Filter>3rdParty</Filter>
    </ClCompile>
    <ClCompile Include="src\3rdParty\d3dUtil.cpp">
      <Filter>3rdParty</Filter>
    </ClCompile>
    <ClCompile Include="src\3rdParty\DDSTextureLoader.cpp">
      <Filter>3rdParty</Filter>
    </ClCompile>
    <ClCompile Include="src\3rdParty\dxerr.cpp">
      <Filter>3rdParty</Filter>
    </ClCompile>
    <ClCompile Include="src\3rdParty\GameTimer.cpp">
      <Filter>3rdParty</Filter>
    </ClCompile>
    <ClCompile Include="src\3rdParty\tiny_obj_loader.cc">
      <Filter>3rdParty</Filter>
    </ClCompile>
  </ItemGroup>
  <ItemGroup>
    <ClInclude Include="myDirectX11.h">
      <Filter>Source Files</Filter>
    </ClInclude>
    <ClInclude Include="src\Octree\octree.h">
      <Filter>Octree</Filter>
    </ClInclude>
    <ClInclude Include="src\Octree\OctreeNode.h">
      <Filter>Octree</Filter>
    </ClInclude>
    <ClInclude Include="src\Util\Camera.h">
      <Filter>Util</Filter>
    </ClInclude>
    <ClInclude Include="src\Util\myLightLibrary.h">
      <Filter>Util</Filter>
    </ClInclude>
    <ClInclude Include="src\Util\myMathLibrary.h">
      <Filter>Util</Filter>
    </ClInclude>
    <ClInclude Include="src\Util\myShapeLibrary.h">
      <Filter>Util</Filter>
    </ClInclude>
    <ClInclude Include="src\Voxelization\voxelizer.h">
      <Filter>Voxlization</Filter>
    </ClInclude>
    <ClInclude Include="src\Voxelization\Visualizer.h">
      <Filter>Voxlization</Filter>
    </ClInclude>
    <ClInclude Include="src\ConeTracing\ConeTracer.h">
      <Filter>ConeTracing</Filter>
    </ClInclude>
    <ClInclude Include="src\3rdParty\d3dApp.h">
      <Filter>3rdParty</Filter>
    </ClInclude>
    <ClInclude Include="src\3rdParty\d3dUtil.h">
      <Filter>3rdParty</Filter>
    </ClInclude>
    <ClInclude Include="src\3rdParty\d3dx11effect.h">
      <Filter>3rdParty</Filter>
    </ClInclude>
    <ClInclude Include="src\3rdParty\DDSTextureLoader.h">
      <Filter>3rdParty</Filter>
    </ClInclude>
    <ClInclude Include="src\3rdParty\dxerr.h">
      <Filter>3rdParty</Filter>
    </ClInclude>
    <ClInclude Include="src\3rdParty\GameTimer.h">
      <Filter>3rdParty</Filter>
    </ClInclude>
    <ClInclude Include="src\3rdParty\tiny_obj_loader.h">
      <Filter>3rdParty</Filter>
    </ClInclude>
  </ItemGroup>
  <ItemGroup>
    <Text Include="src\Util\some useful libraries.txt">
      <Filter>Util</Filter>
    </Text>
  </ItemGroup>
  <ItemGroup>
    <None Include="src\Shader\visualizer.fx">
      <Filter>Shader</Filter>
    </None>
    <None Include="src\Shader\voxelizer.fx">
      <Filter>Shader</Filter>
    </None>
    <None Include="src\Shader\contest.fx">
      <Filter>Shader</Filter>
    </None>
  </ItemGroup>
  <ItemGroup>
    <FxCompile Include="src\Shader\conetracer.fx">
      <Filter>Shader</Filter>
    </FxCompile>
  </ItemGroup>
</Project>