<?xml version="1.0" encoding="utf-8"?>
<Project ToolsVersion="4.0" xmlns="http://schemas.microsoft.com/developer/msbuild/2003">
  <ItemGroup>
    <FxCompile Include="src\Shader\conetracer.fx">
      <Filter>Shader</Filter>
    </FxCompile>
    <FxCompile Include="src\Shader\visualizer.fx">
      <Filter>Shader</Filter>
    </FxCompile>
    <FxCompile Include="src\Shader\voxelizer.fx">
      <Filter>Shader</Filter>
    </FxCompile>
  </ItemGroup>
  <ItemGroup>
    <ClCompile Include="src\ConeTracing\ConeTracer.cpp">
      <Filter>ConeTracing</Filter>
    </ClCompile>
    <ClCompile Include="src\3rdParty\DDSTextureLoader.cpp">
      <Filter>3rdParty</Filter>
    </ClCompile>
    <ClCompile Include="src\Util\myMathLibrary.cpp">
      <Filter>Util</Filter>
    </ClCompile>
    <ClCompile Include="src\Util\myShapeLibrary.cpp">
      <Filter>Util</Filter>
    </ClCompile>
    <ClCompile Include="src\Octree\octree.cpp">
      <Filter>Octree</Filter>
    </ClCompile>
    <ClCompile Include="src\Octree\OctreeNode.cpp">
      <Filter>Octree</Filter>
    </ClCompile>
    <ClCompile Include="src\3rdParty\tiny_obj_loader.cc">
      <Filter>3rdParty</Filter>
    </ClCompile>
    <ClCompile Include="src\Voxelization\Visualizer.cpp">
      <Filter>Voxelization</Filter>
    </ClCompile>
    <ClCompile Include="src\Voxelization\Voxelizer.cpp">
      <Filter>Voxelization</Filter>
    </ClCompile>
    <ClCompile Include="src\Core\d3dApp.cpp">
      <Filter>Core</Filter>
    </ClCompile>
    <ClCompile Include="src\Core\d3dUtil.cpp">
      <Filter>Core</Filter>
    </ClCompile>
    <ClCompile Include="src\Core\dxerr.cpp">
      <Filter>Core</Filter>
    </ClCompile>
    <ClCompile Include="src\Util\Camera.cpp">
      <Filter>Util</Filter>
    </ClCompile>
    <ClCompile Include="src\Util\GameTimer.cpp">
      <Filter>Util</Filter>
    </ClCompile>
    <ClCompile Include="main_thread.cpp">
      <Filter>SourceFile</Filter>
    </ClCompile>
  </ItemGroup>
  <ItemGroup>
    <ClInclude Include="src\ConeTracing\ConeTracer.h">
      <Filter>ConeTracing</Filter>
    </ClInclude>
    <ClInclude Include="src\3rdParty\DDSTextureLoader.h">
      <Filter>3rdParty</Filter>
    </ClInclude>
    <ClInclude Include="src\Util\myLightLibrary.h">
      <Filter>Util</Filter>
    </ClInclude>
    <ClInclude Include="src\Util\myMathLibrary.h">
      <Filter>Util</Filter>
    </ClInclude>
    <ClInclude Include="src\Util\myShapeLibrary.h">
      <Filter>Util</Filter>
    </ClInclude>
    <ClInclude Include="src\Octree\octree.h">
      <Filter>Octree</Filter>
    </ClInclude>
    <ClInclude Include="src\Octree\OctreeNode.h">
      <Filter>Octree</Filter>
    </ClInclude>
    <ClInclude Include="src\3rdParty\tiny_obj_loader.h">
      <Filter>3rdParty</Filter>
    </ClInclude>
    <ClInclude Include="src\Voxelization\Visualizer.h">
      <Filter>Voxelization</Filter>
    </ClInclude>
    <ClInclude Include="src\Voxelization\voxelizer.h">
      <Filter>Voxelization</Filter>
    </ClInclude>
    <ClInclude Include="src\Core\d3dApp.h">
      <Filter>Core</Filter>
    </ClInclude>
    <ClInclude Include="src\Core\d3dUtil.h">
      <Filter>Core</Filter>
    </ClInclude>
    <ClInclude Include="src\Core\d3dx11effect.h">
      <Filter>Core</Filter>
    </ClInclude>
    <ClInclude Include="src\Core\D3DX11tex.h">
      <Filter>Core</Filter>
    </ClInclude>
    <ClInclude Include="src\Core\dxerr.h">
      <Filter>Core</Filter>
    </ClInclude>
    <ClInclude Include="src\Util\Camera.h">
      <Filter>Util</Filter>
    </ClInclude>
    <ClInclude Include="src\Util\GameTimer.h">
      <Filter>Util</Filter>
    </ClInclude>
    <ClInclude Include="main_thread.h">
      <Filter>SourceFile</Filter>
    </ClInclude>
  </ItemGroup>
  <ItemGroup>
    <Filter Include="Octree">
      <UniqueIdentifier>{3fc1be93-290c-4cd4-88f8-8d8106a33938}</UniqueIdentifier>
    </Filter>
    <Filter Include="ConeTracing">
      <UniqueIdentifier>{034803e6-5575-480c-8668-184bc3a0049a}</UniqueIdentifier>
    </Filter>
    <Filter Include="3rdParty">
      <UniqueIdentifier>{58c7cb10-1e6d-405d-8509-26f01a09fa97}</UniqueIdentifier>
    </Filter>
    <Filter Include="Util">
      <UniqueIdentifier>{ccc8af21-9987-4237-af86-9dc018b912e7}</UniqueIdentifier>
    </Filter>
    <Filter Include="Voxelization">
      <UniqueIdentifier>{aae63daf-3ef2-462c-8183-502fbb445fd8}</UniqueIdentifier>
    </Filter>
    <Filter Include="Shader">
      <UniqueIdentifier>{fd034b0e-b835-4180-88da-669958380ee9}</UniqueIdentifier>
    </Filter>
    <Filter Include="Core">
      <UniqueIdentifier>{5fb353b3-f348-4e9a-b6a8-686bdc8bd166}</UniqueIdentifier>
    </Filter>
    <Filter Include="SourceFile">
      <UniqueIdentifier>{1885b87b-0904-4e01-bfd9-2d47678a2082}</UniqueIdentifier>
    </Filter>
  </ItemGroup>
</Project>